
Microsoft Visual Studio Solution File, Format Version 12.00
# Visual Studio 15
VisualStudioVersion = 15.0.27703.2042
MinimumVisualStudioVersion = 10.0.40219.1
Project("{9A19103F-16F7-4668-BE54-9A1E7A4F7556}") = "ClipboardEscaper", "ClipboardEscaper\ClipboardEscaper.csproj", "{DD1FA313-352E-4956-B573-C8CC73744097}"
EndProject
Project("{2150E333-8FDC-42A3-9474-1A3956D46DE8}") = "Solution Items", "Solution Items", "{604B950E-ACD3-4416-9B1F-2A67950AF2B0}"
	ProjectSection(SolutionItems) = preProject
		LICENSE = LICENSE
		README.md = README.md
	EndProjectSection
EndProject
Global
	GlobalSection(SolutionConfigurationPlatforms) = preSolution
		Debug|Any CPU = Debug|Any CPU
		Release|Any CPU = Release|Any CPU
	EndGlobalSection
	GlobalSection(ProjectConfigurationPlatforms) = postSolution
		{DD1FA313-352E-4956-B573-C8CC73744097}.Debug|Any CPU.ActiveCfg = Debug|Any CPU
		{DD1FA313-352E-4956-B573-C8CC73744097}.Debug|Any CPU.Build.0 = Debug|Any CPU
		{DD1FA313-352E-4956-B573-C8CC73744097}.Release|Any CPU.ActiveCfg = Release|Any CPU
		{DD1FA313-352E-4956-B573-C8CC73744097}.Release|Any CPU.Build.0 = Release|Any CPU
	EndGlobalSection
	GlobalSection(SolutionProperties) = preSolution
		HideSolutionNode = FALSE
	EndGlobalSection
	GlobalSection(ExtensibilityGlobals) = postSolution
		SolutionGuid = {1C922857-155D-48AB-84F1-9F93083E6A67}
	EndGlobalSection
EndGlobal
